
Microsoft Visual Studio Solution File, Format Version 12.00
# Visual Studio Version 17
VisualStudioVersion = 17.3.32929.385
MinimumVisualStudioVersion = 10.0.40219.1
Project("{F184B08F-C81C-45F6-A57F-5ABD9991F28F}") = "mousepads", "mousepads\mousepads.vbproj", "{EFE7F73C-77F9-48EF-AE4B-00E2FC33D36C}"
EndProject
Global
	GlobalSection(SolutionConfigurationPlatforms) = preSolution
		Debug|Any CPU = Debug|Any CPU
		Release|Any CPU = Release|Any CPU
	EndGlobalSection
	GlobalSection(ProjectConfigurationPlatforms) = postSolution
		{EFE7F73C-77F9-48EF-AE4B-00E2FC33D36C}.Debug|Any CPU.ActiveCfg = Debug|Any CPU
		{EFE7F73C-77F9-48EF-AE4B-00E2FC33D36C}.Debug|Any CPU.Build.0 = Debug|Any CPU
		{EFE7F73C-77F9-48EF-AE4B-00E2FC33D36C}.Release|Any CPU.ActiveCfg = Release|Any CPU
		{EFE7F73C-77F9-48EF-AE4B-00E2FC33D36C}.Release|Any CPU.Build.0 = Release|Any CPU
	EndGlobalSection
	GlobalSection(SolutionProperties) = preSolution
		HideSolutionNode = FALSE
	EndGlobalSection
	GlobalSection(ExtensibilityGlobals) = postSolution
		SolutionGuid = {111FB11E-DF04-409A-B9AB-E4F0644F06D1}
	EndGlobalSection
EndGlobal
