
Microsoft Visual Studio Solution File, Format Version 12.00
# Visual Studio Version 17
VisualStudioVersion = 17.3.32929.385
MinimumVisualStudioVersion = 10.0.40219.1
Project("{F184B08F-C81C-45F6-A57F-5ABD9991F28F}") = "platformgame", "platformgame\platformgame.vbproj", "{5908878F-CBBD-4676-8014-9430EEEAB1DC}"
EndProject
Global
	GlobalSection(SolutionConfigurationPlatforms) = preSolution
		Debug|Any CPU = Debug|Any CPU
		Release|Any CPU = Release|Any CPU
	EndGlobalSection
	GlobalSection(ProjectConfigurationPlatforms) = postSolution
		{5908878F-CBBD-4676-8014-9430EEEAB1DC}.Debug|Any CPU.ActiveCfg = Debug|Any CPU
		{5908878F-CBBD-4676-8014-9430EEEAB1DC}.Debug|Any CPU.Build.0 = Debug|Any CPU
		{5908878F-CBBD-4676-8014-9430EEEAB1DC}.Release|Any CPU.ActiveCfg = Release|Any CPU
		{5908878F-CBBD-4676-8014-9430EEEAB1DC}.Release|Any CPU.Build.0 = Release|Any CPU
	EndGlobalSection
	GlobalSection(SolutionProperties) = preSolution
		HideSolutionNode = FALSE
	EndGlobalSection
	GlobalSection(ExtensibilityGlobals) = postSolution
		SolutionGuid = {7EC92173-EEF2-46FD-9DE6-79EA786F68CD}
	EndGlobalSection
EndGlobal
